
Microsoft Visual Studio Solution File, Format Version 12.00
# Visual Studio Version 17
VisualStudioVersion = 17.3.32901.215
MinimumVisualStudioVersion = 10.0.40219.1
Project("{FAE04EC0-301F-11D3-BF4B-00C04F79EFBC}") = "CoursevayaCSharp", "CoursevayaCSharp\CoursevayaCSharp.csproj", "{64D9E523-9047-4B68-B9E3-AFE46A042327}"
EndProject
Global
	GlobalSection(SolutionConfigurationPlatforms) = preSolution
		Debug|Any CPU = Debug|Any CPU
		Release|Any CPU = Release|Any CPU
	EndGlobalSection
	GlobalSection(ProjectConfigurationPlatforms) = postSolution
		{64D9E523-9047-4B68-B9E3-AFE46A042327}.Debug|Any CPU.ActiveCfg = Debug|Any CPU
		{64D9E523-9047-4B68-B9E3-AFE46A042327}.Debug|Any CPU.Build.0 = Debug|Any CPU
		{64D9E523-9047-4B68-B9E3-AFE46A042327}.Release|Any CPU.ActiveCfg = Release|Any CPU
		{64D9E523-9047-4B68-B9E3-AFE46A042327}.Release|Any CPU.Build.0 = Release|Any CPU
	EndGlobalSection
	GlobalSection(SolutionProperties) = preSolution
		HideSolutionNode = FALSE
	EndGlobalSection
	GlobalSection(ExtensibilityGlobals) = postSolution
		SolutionGuid = {4529D404-942D-4E79-8D24-FA5765524ADD}
	EndGlobalSection
EndGlobal
